
Microsoft Visual Studio Solution File, Format Version 12.00
# Visual Studio Version 17
VisualStudioVersion = 17.8.34330.188
MinimumVisualStudioVersion = 10.0.40219.1
Project("{FAE04EC0-301F-11D3-BF4B-00C04F79EFBC}") = "BlazorAppTest", "BlazorAppTest.csproj", "{FBB507CF-50C0-4AB5-B7CF-7867D27BA699}"
EndProject
Global
	GlobalSection(SolutionConfigurationPlatforms) = preSolution
		Debug|Any CPU = Debug|Any CPU
		Release|Any CPU = Release|Any CPU
	EndGlobalSection
	GlobalSection(ProjectConfigurationPlatforms) = postSolution
		{FBB507CF-50C0-4AB5-B7CF-7867D27BA699}.Debug|Any CPU.ActiveCfg = Debug|Any CPU
		{FBB507CF-50C0-4AB5-B7CF-7867D27BA699}.Debug|Any CPU.Build.0 = Debug|Any CPU
		{FBB507CF-50C0-4AB5-B7CF-7867D27BA699}.Release|Any CPU.ActiveCfg = Release|Any CPU
		{FBB507CF-50C0-4AB5-B7CF-7867D27BA699}.Release|Any CPU.Build.0 = Release|Any CPU
	EndGlobalSection
	GlobalSection(SolutionProperties) = preSolution
		HideSolutionNode = FALSE
	EndGlobalSection
	GlobalSection(ExtensibilityGlobals) = postSolution
		SolutionGuid = {E89728B1-CA24-4A06-87DB-73CDF430AF34}
	EndGlobalSection
EndGlobal
